
Microsoft Visual Studio Solution File, Format Version 12.00
# Visual Studio Version 16
VisualStudioVersion = 16.0.29709.97
MinimumVisualStudioVersion = 10.0.40219.1
Project("{9A19103F-16F7-4668-BE54-9A1E7A4F7556}") = "MarsRovers", "MarsRovers\MarsRovers.csproj", "{3A274FC1-3884-4BBD-AF94-E83502464953}"
EndProject
Project("{FAE04EC0-301F-11D3-BF4B-00C04F79EFBC}") = "RoverUnitTests", "RoverUnitTests\RoverUnitTests.csproj", "{ACC3A3C9-194A-47FF-BA66-D94F49775AED}"
EndProject
Global
	GlobalSection(SolutionConfigurationPlatforms) = preSolution
		Debug|Any CPU = Debug|Any CPU
		Release|Any CPU = Release|Any CPU
	EndGlobalSection
	GlobalSection(ProjectConfigurationPlatforms) = postSolution
		{3A274FC1-3884-4BBD-AF94-E83502464953}.Debug|Any CPU.ActiveCfg = Debug|Any CPU
		{3A274FC1-3884-4BBD-AF94-E83502464953}.Debug|Any CPU.Build.0 = Debug|Any CPU
		{3A274FC1-3884-4BBD-AF94-E83502464953}.Release|Any CPU.ActiveCfg = Release|Any CPU
		{3A274FC1-3884-4BBD-AF94-E83502464953}.Release|Any CPU.Build.0 = Release|Any CPU
		{ACC3A3C9-194A-47FF-BA66-D94F49775AED}.Debug|Any CPU.ActiveCfg = Debug|Any CPU
		{ACC3A3C9-194A-47FF-BA66-D94F49775AED}.Debug|Any CPU.Build.0 = Debug|Any CPU
		{ACC3A3C9-194A-47FF-BA66-D94F49775AED}.Release|Any CPU.ActiveCfg = Release|Any CPU
		{ACC3A3C9-194A-47FF-BA66-D94F49775AED}.Release|Any CPU.Build.0 = Release|Any CPU
	EndGlobalSection
	GlobalSection(SolutionProperties) = preSolution
		HideSolutionNode = FALSE
	EndGlobalSection
	GlobalSection(ExtensibilityGlobals) = postSolution
		SolutionGuid = {D16C22BC-832B-40D2-A56C-626782721EDE}
	EndGlobalSection
EndGlobal
